
Microsoft Visual Studio Solution File, Format Version 12.00
# Visual Studio Version 17
VisualStudioVersion = 17.6.33723.286
MinimumVisualStudioVersion = 10.0.40219.1
Project("{FAE04EC0-301F-11D3-BF4B-00C04F79EFBC}") = "Water Drinking Log", "Water Drinking Log\Water Drinking Log.csproj", "{4372C66F-EA86-4577-8A2B-E129D11854A7}"
EndProject
Global
	GlobalSection(SolutionConfigurationPlatforms) = preSolution
		Debug|Any CPU = Debug|Any CPU
		Release|Any CPU = Release|Any CPU
	EndGlobalSection
	GlobalSection(ProjectConfigurationPlatforms) = postSolution
		{4372C66F-EA86-4577-8A2B-E129D11854A7}.Debug|Any CPU.ActiveCfg = Debug|Any CPU
		{4372C66F-EA86-4577-8A2B-E129D11854A7}.Debug|Any CPU.Build.0 = Debug|Any CPU
		{4372C66F-EA86-4577-8A2B-E129D11854A7}.Release|Any CPU.ActiveCfg = Release|Any CPU
		{4372C66F-EA86-4577-8A2B-E129D11854A7}.Release|Any CPU.Build.0 = Release|Any CPU
	EndGlobalSection
	GlobalSection(SolutionProperties) = preSolution
		HideSolutionNode = FALSE
	EndGlobalSection
	GlobalSection(ExtensibilityGlobals) = postSolution
		SolutionGuid = {9BEB0A63-8742-4239-8848-A893BB8E2BB4}
	EndGlobalSection
EndGlobal
